
Microsoft Visual Studio Solution File, Format Version 12.00
# Visual Studio Version 17
VisualStudioVersion = 17.0.31717.71
MinimumVisualStudioVersion = 10.0.40219.1
Project("{FAE04EC0-301F-11D3-BF4B-00C04F79EFBC}") = "Blade Engine", "Blade Engine.csproj", "{543F75C1-67FF-4BDE-8232-3D45BD630474}"
EndProject
Global
	GlobalSection(SolutionConfigurationPlatforms) = preSolution
		Debug|Any CPU = Debug|Any CPU
		Release|Any CPU = Release|Any CPU
	EndGlobalSection
	GlobalSection(ProjectConfigurationPlatforms) = postSolution
		{543F75C1-67FF-4BDE-8232-3D45BD630474}.Debug|Any CPU.ActiveCfg = Debug|Any CPU
		{543F75C1-67FF-4BDE-8232-3D45BD630474}.Debug|Any CPU.Build.0 = Debug|Any CPU
		{543F75C1-67FF-4BDE-8232-3D45BD630474}.Release|Any CPU.ActiveCfg = Release|Any CPU
		{543F75C1-67FF-4BDE-8232-3D45BD630474}.Release|Any CPU.Build.0 = Release|Any CPU
	EndGlobalSection
	GlobalSection(SolutionProperties) = preSolution
		HideSolutionNode = FALSE
	EndGlobalSection
	GlobalSection(ExtensibilityGlobals) = postSolution
		SolutionGuid = {546BF6DF-1487-48D5-9C71-52E1D7543703}
	EndGlobalSection
EndGlobal
